
Microsoft Visual Studio Solution File, Format Version 12.00
# Visual Studio 15
VisualStudioVersion = 15.0.28307.168
MinimumVisualStudioVersion = 10.0.40219.1
Project("{FAE04EC0-301F-11D3-BF4B-00C04F79EFBC}") = "BAccurate", "BAccurate\BAccurate.csproj", "{D2133E66-5E69-41CD-8737-EFCE28C5558F}"
EndProject
Project("{FAE04EC0-301F-11D3-BF4B-00C04F79EFBC}") = "BAccurate.Implement", "BAccurate.Implement\BAccurate.Implement.csproj", "{D1C1E8C3-EB87-4997-BEF6-D4F8E5B46155}"
EndProject
Project("{FAE04EC0-301F-11D3-BF4B-00C04F79EFBC}") = "BAccurate.Repository.Freesql", "BAccurate.Repository.Freesql\BAccurate.Repository.Freesql.csproj", "{C443241C-227E-4DFB-B5BB-93EF7D7F2698}"
EndProject
Project("{FAE04EC0-301F-11D3-BF4B-00C04F79EFBC}") = "BAccurate.AppService.Implement", "BAccurate.AppService.Implement\BAccurate.AppService.Implement.csproj", "{059E44C1-3308-44E1-A751-FEE2533C5E32}"
EndProject
Project("{FAE04EC0-301F-11D3-BF4B-00C04F79EFBC}") = "BAccurate.WebApi", "BAccurate.WebApi\BAccurate.WebApi.csproj", "{CFDB444B-BBA6-4309-8764-5197669E25FD}"
EndProject
Project("{2150E333-8FDC-42A3-9474-1A3956D46DE8}") = "test", "test", "{CCDCA805-CCF7-4DC5-AB1F-6F6A16051244}"
EndProject
Project("{FAE04EC0-301F-11D3-BF4B-00C04F79EFBC}") = "BAccurate.ImplementTests", "test\BAccurate.ImplementTests\BAccurate.ImplementTests.csproj", "{8AB42A99-6767-442F-900C-41E9712A27F5}"
EndProject
Project("{FAE04EC0-301F-11D3-BF4B-00C04F79EFBC}") = "ConsoleWebApi", "ConsoleWebApi\ConsoleWebApi.csproj", "{A778E454-1D14-49A7-8EF6-1FF8B24016FC}"
EndProject
Global
	GlobalSection(SolutionConfigurationPlatforms) = preSolution
		Debug|Any CPU = Debug|Any CPU
		Release|Any CPU = Release|Any CPU
	EndGlobalSection
	GlobalSection(ProjectConfigurationPlatforms) = postSolution
		{D2133E66-5E69-41CD-8737-EFCE28C5558F}.Debug|Any CPU.ActiveCfg = Debug|Any CPU
		{D2133E66-5E69-41CD-8737-EFCE28C5558F}.Debug|Any CPU.Build.0 = Debug|Any CPU
		{D2133E66-5E69-41CD-8737-EFCE28C5558F}.Release|Any CPU.ActiveCfg = Release|Any CPU
		{D2133E66-5E69-41CD-8737-EFCE28C5558F}.Release|Any CPU.Build.0 = Release|Any CPU
		{D1C1E8C3-EB87-4997-BEF6-D4F8E5B46155}.Debug|Any CPU.ActiveCfg = Debug|Any CPU
		{D1C1E8C3-EB87-4997-BEF6-D4F8E5B46155}.Debug|Any CPU.Build.0 = Debug|Any CPU
		{D1C1E8C3-EB87-4997-BEF6-D4F8E5B46155}.Release|Any CPU.ActiveCfg = Release|Any CPU
		{D1C1E8C3-EB87-4997-BEF6-D4F8E5B46155}.Release|Any CPU.Build.0 = Release|Any CPU
		{C443241C-227E-4DFB-B5BB-93EF7D7F2698}.Debug|Any CPU.ActiveCfg = Debug|Any CPU
		{C443241C-227E-4DFB-B5BB-93EF7D7F2698}.Debug|Any CPU.Build.0 = Debug|Any CPU
		{C443241C-227E-4DFB-B5BB-93EF7D7F2698}.Release|Any CPU.ActiveCfg = Release|Any CPU
		{C443241C-227E-4DFB-B5BB-93EF7D7F2698}.Release|Any CPU.Build.0 = Release|Any CPU
		{059E44C1-3308-44E1-A751-FEE2533C5E32}.Debug|Any CPU.ActiveCfg = Debug|Any CPU
		{059E44C1-3308-44E1-A751-FEE2533C5E32}.Debug|Any CPU.Build.0 = Debug|Any CPU
		{059E44C1-3308-44E1-A751-FEE2533C5E32}.Release|Any CPU.ActiveCfg = Release|Any CPU
		{059E44C1-3308-44E1-A751-FEE2533C5E32}.Release|Any CPU.Build.0 = Release|Any CPU
		{CFDB444B-BBA6-4309-8764-5197669E25FD}.Debug|Any CPU.ActiveCfg = Debug|Any CPU
		{CFDB444B-BBA6-4309-8764-5197669E25FD}.Debug|Any CPU.Build.0 = Debug|Any CPU
		{CFDB444B-BBA6-4309-8764-5197669E25FD}.Release|Any CPU.ActiveCfg = Release|Any CPU
		{CFDB444B-BBA6-4309-8764-5197669E25FD}.Release|Any CPU.Build.0 = Release|Any CPU
		{8AB42A99-6767-442F-900C-41E9712A27F5}.Debug|Any CPU.ActiveCfg = Debug|Any CPU
		{8AB42A99-6767-442F-900C-41E9712A27F5}.Debug|Any CPU.Build.0 = Debug|Any CPU
		{8AB42A99-6767-442F-900C-41E9712A27F5}.Release|Any CPU.ActiveCfg = Release|Any CPU
		{8AB42A99-6767-442F-900C-41E9712A27F5}.Release|Any CPU.Build.0 = Release|Any CPU
		{A778E454-1D14-49A7-8EF6-1FF8B24016FC}.Debug|Any CPU.ActiveCfg = Debug|Any CPU
		{A778E454-1D14-49A7-8EF6-1FF8B24016FC}.Debug|Any CPU.Build.0 = Debug|Any CPU
		{A778E454-1D14-49A7-8EF6-1FF8B24016FC}.Release|Any CPU.ActiveCfg = Release|Any CPU
		{A778E454-1D14-49A7-8EF6-1FF8B24016FC}.Release|Any CPU.Build.0 = Release|Any CPU
	EndGlobalSection
	GlobalSection(SolutionProperties) = preSolution
		HideSolutionNode = FALSE
	EndGlobalSection
	GlobalSection(NestedProjects) = preSolution
		{8AB42A99-6767-442F-900C-41E9712A27F5} = {CCDCA805-CCF7-4DC5-AB1F-6F6A16051244}
	EndGlobalSection
	GlobalSection(ExtensibilityGlobals) = postSolution
		SolutionGuid = {EA94402C-9574-49F4-865D-0231DC946CF9}
	EndGlobalSection
EndGlobal
